
Microsoft Visual Studio Solution File, Format Version 12.00
# Visual Studio Version 17
VisualStudioVersion = 17.4.33205.214
MinimumVisualStudioVersion = 10.0.40219.1
Project("{FAE04EC0-301F-11D3-BF4B-00C04F79EFBC}") = "Mobile.UWP", "Mobile\Mobile.UWP\Mobile.UWP.csproj", "{2FB0D50E-22E3-47D7-88C8-CC15C592E7AC}"
EndProject
Project("{FAE04EC0-301F-11D3-BF4B-00C04F79EFBC}") = "Mobile.Android", "Mobile\Mobile.Android\Mobile.Android.csproj", "{0F8FF121-AD3B-411E-AE3C-AB2772B4227B}"
EndProject
Project("{FAE04EC0-301F-11D3-BF4B-00C04F79EFBC}") = "Mobile.iOS", "Mobile\Mobile.iOS\Mobile.iOS.csproj", "{4F05AED2-9A07-4E7B-8E8C-D89E875C9782}"
EndProject
Project("{9A19103F-16F7-4668-BE54-9A1E7A4F7556}") = "Mobile", "Mobile\Mobile\Mobile.csproj", "{684072F3-E672-42FD-B1AF-480B8C66B288}"
	ProjectSection(ProjectDependencies) = postProject
		{D31E2195-DD6F-4731-A354-A4F477A31CBC} = {D31E2195-DD6F-4731-A354-A4F477A31CBC}
	EndProjectSection
EndProject
Project("{9A19103F-16F7-4668-BE54-9A1E7A4F7556}") = "Data", "Data\Data.csproj", "{8D03B324-D571-4993-8FD5-E685110F924D}"
EndProject
Project("{9A19103F-16F7-4668-BE54-9A1E7A4F7556}") = "Utils", "Utils\Utils.csproj", "{D31E2195-DD6F-4731-A354-A4F477A31CBC}"
EndProject
Project("{9A19103F-16F7-4668-BE54-9A1E7A4F7556}") = "API", "API\API.csproj", "{72A5CD31-3C71-489C-81F4-F49240BDCE00}"
	ProjectSection(ProjectDependencies) = postProject
		{D31E2195-DD6F-4731-A354-A4F477A31CBC} = {D31E2195-DD6F-4731-A354-A4F477A31CBC}
	EndProjectSection
EndProject
Global
	GlobalSection(SolutionConfigurationPlatforms) = preSolution
		Debug|Any CPU = Debug|Any CPU
		Debug|ARM = Debug|ARM
		Debug|iPhone = Debug|iPhone
		Debug|iPhoneSimulator = Debug|iPhoneSimulator
		Debug|x64 = Debug|x64
		Debug|x86 = Debug|x86
		Release|Any CPU = Release|Any CPU
		Release|ARM = Release|ARM
		Release|iPhone = Release|iPhone
		Release|iPhoneSimulator = Release|iPhoneSimulator
		Release|x64 = Release|x64
		Release|x86 = Release|x86
	EndGlobalSection
	GlobalSection(ProjectConfigurationPlatforms) = postSolution
		{2FB0D50E-22E3-47D7-88C8-CC15C592E7AC}.Debug|Any CPU.ActiveCfg = Debug|x64
		{2FB0D50E-22E3-47D7-88C8-CC15C592E7AC}.Debug|Any CPU.Build.0 = Debug|x64
		{2FB0D50E-22E3-47D7-88C8-CC15C592E7AC}.Debug|Any CPU.Deploy.0 = Debug|x64
		{2FB0D50E-22E3-47D7-88C8-CC15C592E7AC}.Debug|ARM.ActiveCfg = Debug|ARM
		{2FB0D50E-22E3-47D7-88C8-CC15C592E7AC}.Debug|ARM.Build.0 = Debug|ARM
		{2FB0D50E-22E3-47D7-88C8-CC15C592E7AC}.Debug|ARM.Deploy.0 = Debug|ARM
		{2FB0D50E-22E3-47D7-88C8-CC15C592E7AC}.Debug|iPhone.ActiveCfg = Debug|x64
		{2FB0D50E-22E3-47D7-88C8-CC15C592E7AC}.Debug|iPhone.Build.0 = Debug|x64
		{2FB0D50E-22E3-47D7-88C8-CC15C592E7AC}.Debug|iPhone.Deploy.0 = Debug|x64
		{2FB0D50E-22E3-47D7-88C8-CC15C592E7AC}.Debug|iPhoneSimulator.ActiveCfg = Debug|x64
		{2FB0D50E-22E3-47D7-88C8-CC15C592E7AC}.Debug|iPhoneSimulator.Build.0 = Debug|x64
		{2FB0D50E-22E3-47D7-88C8-CC15C592E7AC}.Debug|iPhoneSimulator.Deploy.0 = Debug|x64
		{2FB0D50E-22E3-47D7-88C8-CC15C592E7AC}.Debug|x64.ActiveCfg = Debug|x64
		{2FB0D50E-22E3-47D7-88C8-CC15C592E7AC}.Debug|x64.Build.0 = Debug|x64
		{2FB0D50E-22E3-47D7-88C8-CC15C592E7AC}.Debug|x64.Deploy.0 = Debug|x64
		{2FB0D50E-22E3-47D7-88C8-CC15C592E7AC}.Debug|x86.ActiveCfg = Debug|x86
		{2FB0D50E-22E3-47D7-88C8-CC15C592E7AC}.Debug|x86.Build.0 = Debug|x86
		{2FB0D50E-22E3-47D7-88C8-CC15C592E7AC}.Debug|x86.Deploy.0 = Debug|x86
		{2FB0D50E-22E3-47D7-88C8-CC15C592E7AC}.Release|Any CPU.ActiveCfg = Release|x64
		{2FB0D50E-22E3-47D7-88C8-CC15C592E7AC}.Release|Any CPU.Build.0 = Release|x64
		{2FB0D50E-22E3-47D7-88C8-CC15C592E7AC}.Release|Any CPU.Deploy.0 = Release|x64
		{2FB0D50E-22E3-47D7-88C8-CC15C592E7AC}.Release|ARM.ActiveCfg = Release|ARM
		{2FB0D50E-22E3-47D7-88C8-CC15C592E7AC}.Release|ARM.Build.0 = Release|ARM
		{2FB0D50E-22E3-47D7-88C8-CC15C592E7AC}.Release|ARM.Deploy.0 = Release|ARM
		{2FB0D50E-22E3-47D7-88C8-CC15C592E7AC}.Release|iPhone.ActiveCfg = Release|x64
		{2FB0D50E-22E3-47D7-88C8-CC15C592E7AC}.Release|iPhone.Build.0 = Release|x64
		{2FB0D50E-22E3-47D7-88C8-CC15C592E7AC}.Release|iPhone.Deploy.0 = Release|x64
		{2FB0D50E-22E3-47D7-88C8-CC15C592E7AC}.Release|iPhoneSimulator.ActiveCfg = Release|x64
		{2FB0D50E-22E3-47D7-88C8-CC15C592E7AC}.Release|iPhoneSimulator.Build.0 = Release|x64
		{2FB0D50E-22E3-47D7-88C8-CC15C592E7AC}.Release|iPhoneSimulator.Deploy.0 = Release|x64
		{2FB0D50E-22E3-47D7-88C8-CC15C592E7AC}.Release|x64.ActiveCfg = Release|x64
		{2FB0D50E-22E3-47D7-88C8-CC15C592E7AC}.Release|x64.Build.0 = Release|x64
		{2FB0D50E-22E3-47D7-88C8-CC15C592E7AC}.Release|x64.Deploy.0 = Release|x64
		{2FB0D50E-22E3-47D7-88C8-CC15C592E7AC}.Release|x86.ActiveCfg = Release|x86
		{2FB0D50E-22E3-47D7-88C8-CC15C592E7AC}.Release|x86.Build.0 = Release|x86
		{2FB0D50E-22E3-47D7-88C8-CC15C592E7AC}.Release|x86.Deploy.0 = Release|x86
		{0F8FF121-AD3B-411E-AE3C-AB2772B4227B}.Debug|Any CPU.ActiveCfg = Debug|Any CPU
		{0F8FF121-AD3B-411E-AE3C-AB2772B4227B}.Debug|Any CPU.Build.0 = Debug|Any CPU
		{0F8FF121-AD3B-411E-AE3C-AB2772B4227B}.Debug|Any CPU.Deploy.0 = Debug|Any CPU
		{0F8FF121-AD3B-411E-AE3C-AB2772B4227B}.Debug|ARM.ActiveCfg = Debug|Any CPU
		{0F8FF121-AD3B-411E-AE3C-AB2772B4227B}.Debug|ARM.Build.0 = Debug|Any CPU
		{0F8FF121-AD3B-411E-AE3C-AB2772B4227B}.Debug|ARM.Deploy.0 = Debug|Any CPU
		{0F8FF121-AD3B-411E-AE3C-AB2772B4227B}.Debug|iPhone.ActiveCfg = Debug|Any CPU
		{0F8FF121-AD3B-411E-AE3C-AB2772B4227B}.Debug|iPhone.Build.0 = Debug|Any CPU
		{0F8FF121-AD3B-411E-AE3C-AB2772B4227B}.Debug|iPhone.Deploy.0 = Debug|Any CPU
		{0F8FF121-AD3B-411E-AE3C-AB2772B4227B}.Debug|iPhoneSimulator.ActiveCfg = Debug|Any CPU
		{0F8FF121-AD3B-411E-AE3C-AB2772B4227B}.Debug|iPhoneSimulator.Build.0 = Debug|Any CPU
		{0F8FF121-AD3B-411E-AE3C-AB2772B4227B}.Debug|iPhoneSimulator.Deploy.0 = Debug|Any CPU
		{0F8FF121-AD3B-411E-AE3C-AB2772B4227B}.Debug|x64.ActiveCfg = Debug|Any CPU
		{0F8FF121-AD3B-411E-AE3C-AB2772B4227B}.Debug|x64.Build.0 = Debug|Any CPU
		{0F8FF121-AD3B-411E-AE3C-AB2772B4227B}.Debug|x64.Deploy.0 = Debug|Any CPU
		{0F8FF121-AD3B-411E-AE3C-AB2772B4227B}.Debug|x86.ActiveCfg = Debug|Any CPU
		{0F8FF121-AD3B-411E-AE3C-AB2772B4227B}.Debug|x86.Build.0 = Debug|Any CPU
		{0F8FF121-AD3B-411E-AE3C-AB2772B4227B}.Debug|x86.Deploy.0 = Debug|Any CPU
		{0F8FF121-AD3B-411E-AE3C-AB2772B4227B}.Release|Any CPU.ActiveCfg = Release|Any CPU
		{0F8FF121-AD3B-411E-AE3C-AB2772B4227B}.Release|Any CPU.Build.0 = Release|Any CPU
		{0F8FF121-AD3B-411E-AE3C-AB2772B4227B}.Release|Any CPU.Deploy.0 = Release|Any CPU
		{0F8FF121-AD3B-411E-AE3C-AB2772B4227B}.Release|ARM.ActiveCfg = Release|Any CPU
		{0F8FF121-AD3B-411E-AE3C-AB2772B4227B}.Release|ARM.Build.0 = Release|Any CPU
		{0F8FF121-AD3B-411E-AE3C-AB2772B4227B}.Release|ARM.Deploy.0 = Release|Any CPU
		{0F8FF121-AD3B-411E-AE3C-AB2772B4227B}.Release|iPhone.ActiveCfg = Release|Any CPU
		{0F8FF121-AD3B-411E-AE3C-AB2772B4227B}.Release|iPhone.Build.0 = Release|Any CPU
		{0F8FF121-AD3B-411E-AE3C-AB2772B4227B}.Release|iPhone.Deploy.0 = Release|Any CPU
		{0F8FF121-AD3B-411E-AE3C-AB2772B4227B}.Release|iPhoneSimulator.ActiveCfg = Release|Any CPU
		{0F8FF121-AD3B-411E-AE3C-AB2772B4227B}.Release|iPhoneSimulator.Build.0 = Release|Any CPU
		{0F8FF121-AD3B-411E-AE3C-AB2772B4227B}.Release|iPhoneSimulator.Deploy.0 = Release|Any CPU
		{0F8FF121-AD3B-411E-AE3C-AB2772B4227B}.Release|x64.ActiveCfg = Release|Any CPU
		{0F8FF121-AD3B-411E-AE3C-AB2772B4227B}.Release|x64.Build.0 = Release|Any CPU
		{0F8FF121-AD3B-411E-AE3C-AB2772B4227B}.Release|x64.Deploy.0 = Release|Any CPU
		{0F8FF121-AD3B-411E-AE3C-AB2772B4227B}.Release|x86.ActiveCfg = Release|Any CPU
		{0F8FF121-AD3B-411E-AE3C-AB2772B4227B}.Release|x86.Build.0 = Release|Any CPU
		{0F8FF121-AD3B-411E-AE3C-AB2772B4227B}.Release|x86.Deploy.0 = Release|Any CPU
		{4F05AED2-9A07-4E7B-8E8C-D89E875C9782}.Debug|Any CPU.ActiveCfg = Debug|iPhoneSimulator
		{4F05AED2-9A07-4E7B-8E8C-D89E875C9782}.Debug|Any CPU.Build.0 = Debug|iPhoneSimulator
		{4F05AED2-9A07-4E7B-8E8C-D89E875C9782}.Debug|Any CPU.Deploy.0 = Debug|iPhoneSimulator
		{4F05AED2-9A07-4E7B-8E8C-D89E875C9782}.Debug|ARM.ActiveCfg = Debug|iPhoneSimulator
		{4F05AED2-9A07-4E7B-8E8C-D89E875C9782}.Debug|ARM.Build.0 = Debug|iPhoneSimulator
		{4F05AED2-9A07-4E7B-8E8C-D89E875C9782}.Debug|ARM.Deploy.0 = Debug|iPhoneSimulator
		{4F05AED2-9A07-4E7B-8E8C-D89E875C9782}.Debug|iPhone.ActiveCfg = Debug|iPhone
		{4F05AED2-9A07-4E7B-8E8C-D89E875C9782}.Debug|iPhone.Build.0 = Debug|iPhone
		{4F05AED2-9A07-4E7B-8E8C-D89E875C9782}.Debug|iPhone.Deploy.0 = Debug|iPhone
		{4F05AED2-9A07-4E7B-8E8C-D89E875C9782}.Debug|iPhoneSimulator.ActiveCfg = Debug|iPhoneSimulator
		{4F05AED2-9A07-4E7B-8E8C-D89E875C9782}.Debug|iPhoneSimulator.Build.0 = Debug|iPhoneSimulator
		{4F05AED2-9A07-4E7B-8E8C-D89E875C9782}.Debug|iPhoneSimulator.Deploy.0 = Debug|iPhoneSimulator
		{4F05AED2-9A07-4E7B-8E8C-D89E875C9782}.Debug|x64.ActiveCfg = Debug|iPhone
		{4F05AED2-9A07-4E7B-8E8C-D89E875C9782}.Debug|x64.Build.0 = Debug|iPhone
		{4F05AED2-9A07-4E7B-8E8C-D89E875C9782}.Debug|x64.Deploy.0 = Debug|iPhone
		{4F05AED2-9A07-4E7B-8E8C-D89E875C9782}.Debug|x86.ActiveCfg = Debug|iPhoneSimulator
		{4F05AED2-9A07-4E7B-8E8C-D89E875C9782}.Debug|x86.Build.0 = Debug|iPhoneSimulator
		{4F05AED2-9A07-4E7B-8E8C-D89E875C9782}.Debug|x86.Deploy.0 = Debug|iPhoneSimulator
		{4F05AED2-9A07-4E7B-8E8C-D89E875C9782}.Release|Any CPU.ActiveCfg = Release|iPhoneSimulator
		{4F05AED2-9A07-4E7B-8E8C-D89E875C9782}.Release|Any CPU.Build.0 = Release|iPhoneSimulator
		{4F05AED2-9A07-4E7B-8E8C-D89E875C9782}.Release|Any CPU.Deploy.0 = Release|iPhoneSimulator
		{4F05AED2-9A07-4E7B-8E8C-D89E875C9782}.Release|ARM.ActiveCfg = Release|iPhoneSimulator
		{4F05AED2-9A07-4E7B-8E8C-D89E875C9782}.Release|ARM.Build.0 = Release|iPhoneSimulator
		{4F05AED2-9A07-4E7B-8E8C-D89E875C9782}.Release|ARM.Deploy.0 = Release|iPhoneSimulator
		{4F05AED2-9A07-4E7B-8E8C-D89E875C9782}.Release|iPhone.ActiveCfg = Release|iPhone
		{4F05AED2-9A07-4E7B-8E8C-D89E875C9782}.Release|iPhone.Build.0 = Release|iPhone
		{4F05AED2-9A07-4E7B-8E8C-D89E875C9782}.Release|iPhone.Deploy.0 = Release|iPhone
		{4F05AED2-9A07-4E7B-8E8C-D89E875C9782}.Release|iPhoneSimulator.ActiveCfg = Release|iPhoneSimulator
		{4F05AED2-9A07-4E7B-8E8C-D89E875C9782}.Release|iPhoneSimulator.Build.0 = Release|iPhoneSimulator
		{4F05AED2-9A07-4E7B-8E8C-D89E875C9782}.Release|iPhoneSimulator.Deploy.0 = Release|iPhoneSimulator
		{4F05AED2-9A07-4E7B-8E8C-D89E875C9782}.Release|x64.ActiveCfg = Release|iPhoneSimulator
		{4F05AED2-9A07-4E7B-8E8C-D89E875C9782}.Release|x64.Build.0 = Release|iPhoneSimulator
		{4F05AED2-9A07-4E7B-8E8C-D89E875C9782}.Release|x64.Deploy.0 = Release|iPhoneSimulator
		{4F05AED2-9A07-4E7B-8E8C-D89E875C9782}.Release|x86.ActiveCfg = Release|iPhoneSimulator
		{4F05AED2-9A07-4E7B-8E8C-D89E875C9782}.Release|x86.Build.0 = Release|iPhoneSimulator
		{4F05AED2-9A07-4E7B-8E8C-D89E875C9782}.Release|x86.Deploy.0 = Release|iPhoneSimulator
		{684072F3-E672-42FD-B1AF-480B8C66B288}.Debug|Any CPU.ActiveCfg = Debug|Any CPU
		{684072F3-E672-42FD-B1AF-480B8C66B288}.Debug|Any CPU.Build.0 = Debug|Any CPU
		{684072F3-E672-42FD-B1AF-480B8C66B288}.Debug|Any CPU.Deploy.0 = Debug|Any CPU
		{684072F3-E672-42FD-B1AF-480B8C66B288}.Debug|ARM.ActiveCfg = Debug|Any CPU
		{684072F3-E672-42FD-B1AF-480B8C66B288}.Debug|ARM.Build.0 = Debug|Any CPU
		{684072F3-E672-42FD-B1AF-480B8C66B288}.Debug|ARM.Deploy.0 = Debug|Any CPU
		{684072F3-E672-42FD-B1AF-480B8C66B288}.Debug|iPhone.ActiveCfg = Debug|Any CPU
		{684072F3-E672-42FD-B1AF-480B8C66B288}.Debug|iPhone.Build.0 = Debug|Any CPU
		{684072F3-E672-42FD-B1AF-480B8C66B288}.Debug|iPhone.Deploy.0 = Debug|Any CPU
		{684072F3-E672-42FD-B1AF-480B8C66B288}.Debug|iPhoneSimulator.ActiveCfg = Debug|Any CPU
		{684072F3-E672-42FD-B1AF-480B8C66B288}.Debug|iPhoneSimulator.Build.0 = Debug|Any CPU
		{684072F3-E672-42FD-B1AF-480B8C66B288}.Debug|iPhoneSimulator.Deploy.0 = Debug|Any CPU
		{684072F3-E672-42FD-B1AF-480B8C66B288}.Debug|x64.ActiveCfg = Debug|Any CPU
		{684072F3-E672-42FD-B1AF-480B8C66B288}.Debug|x64.Build.0 = Debug|Any CPU
		{684072F3-E672-42FD-B1AF-480B8C66B288}.Debug|x64.Deploy.0 = Debug|Any CPU
		{684072F3-E672-42FD-B1AF-480B8C66B288}.Debug|x86.ActiveCfg = Debug|Any CPU
		{684072F3-E672-42FD-B1AF-480B8C66B288}.Debug|x86.Build.0 = Debug|Any CPU
		{684072F3-E672-42FD-B1AF-480B8C66B288}.Debug|x86.Deploy.0 = Debug|Any CPU
		{684072F3-E672-42FD-B1AF-480B8C66B288}.Release|Any CPU.ActiveCfg = Release|Any CPU
		{684072F3-E672-42FD-B1AF-480B8C66B288}.Release|Any CPU.Build.0 = Release|Any CPU
		{684072F3-E672-42FD-B1AF-480B8C66B288}.Release|Any CPU.Deploy.0 = Release|Any CPU
		{684072F3-E672-42FD-B1AF-480B8C66B288}.Release|ARM.ActiveCfg = Release|Any CPU
		{684072F3-E672-42FD-B1AF-480B8C66B288}.Release|ARM.Build.0 = Release|Any CPU
		{684072F3-E672-42FD-B1AF-480B8C66B288}.Release|ARM.Deploy.0 = Release|Any CPU
		{684072F3-E672-42FD-B1AF-480B8C66B288}.Release|iPhone.ActiveCfg = Release|Any CPU
		{684072F3-E672-42FD-B1AF-480B8C66B288}.Release|iPhone.Build.0 = Release|Any CPU
		{684072F3-E672-42FD-B1AF-480B8C66B288}.Release|iPhone.Deploy.0 = Release|Any CPU
		{684072F3-E672-42FD-B1AF-480B8C66B288}.Release|iPhoneSimulator.ActiveCfg = Release|Any CPU
		{684072F3-E672-42FD-B1AF-480B8C66B288}.Release|iPhoneSimulator.Build.0 = Release|Any CPU
		{684072F3-E672-42FD-B1AF-480B8C66B288}.Release|iPhoneSimulator.Deploy.0 = Release|Any CPU
		{684072F3-E672-42FD-B1AF-480B8C66B288}.Release|x64.ActiveCfg = Release|Any CPU
		{684072F3-E672-42FD-B1AF-480B8C66B288}.Release|x64.Build.0 = Release|Any CPU
		{684072F3-E672-42FD-B1AF-480B8C66B288}.Release|x64.Deploy.0 = Release|Any CPU
		{684072F3-E672-42FD-B1AF-480B8C66B288}.Release|x86.ActiveCfg = Release|Any CPU
		{684072F3-E672-42FD-B1AF-480B8C66B288}.Release|x86.Build.0 = Release|Any CPU
		{684072F3-E672-42FD-B1AF-480B8C66B288}.Release|x86.Deploy.0 = Release|Any CPU
		{8D03B324-D571-4993-8FD5-E685110F924D}.Debug|Any CPU.ActiveCfg = Debug|Any CPU
		{8D03B324-D571-4993-8FD5-E685110F924D}.Debug|Any CPU.Build.0 = Debug|Any CPU
		{8D03B324-D571-4993-8FD5-E685110F924D}.Debug|ARM.ActiveCfg = Debug|Any CPU
		{8D03B324-D571-4993-8FD5-E685110F924D}.Debug|ARM.Build.0 = Debug|Any CPU
		{8D03B324-D571-4993-8FD5-E685110F924D}.Debug|iPhone.ActiveCfg = Debug|Any CPU
		{8D03B324-D571-4993-8FD5-E685110F924D}.Debug|iPhone.Build.0 = Debug|Any CPU
		{8D03B324-D571-4993-8FD5-E685110F924D}.Debug|iPhoneSimulator.ActiveCfg = Debug|Any CPU
		{8D03B324-D571-4993-8FD5-E685110F924D}.Debug|iPhoneSimulator.Build.0 = Debug|Any CPU
		{8D03B324-D571-4993-8FD5-E685110F924D}.Debug|x64.ActiveCfg = Debug|Any CPU
		{8D03B324-D571-4993-8FD5-E685110F924D}.Debug|x64.Build.0 = Debug|Any CPU
		{8D03B324-D571-4993-8FD5-E685110F924D}.Debug|x86.ActiveCfg = Debug|Any CPU
		{8D03B324-D571-4993-8FD5-E685110F924D}.Debug|x86.Build.0 = Debug|Any CPU
		{8D03B324-D571-4993-8FD5-E685110F924D}.Release|Any CPU.ActiveCfg = Release|Any CPU
		{8D03B324-D571-4993-8FD5-E685110F924D}.Release|Any CPU.Build.0 = Release|Any CPU
		{8D03B324-D571-4993-8FD5-E685110F924D}.Release|ARM.ActiveCfg = Release|Any CPU
		{8D03B324-D571-4993-8FD5-E685110F924D}.Release|ARM.Build.0 = Release|Any CPU
		{8D03B324-D571-4993-8FD5-E685110F924D}.Release|iPhone.ActiveCfg = Release|Any CPU
		{8D03B324-D571-4993-8FD5-E685110F924D}.Release|iPhone.Build.0 = Release|Any CPU
		{8D03B324-D571-4993-8FD5-E685110F924D}.Release|iPhoneSimulator.ActiveCfg = Release|Any CPU
		{8D03B324-D571-4993-8FD5-E685110F924D}.Release|iPhoneSimulator.Build.0 = Release|Any CPU
		{8D03B324-D571-4993-8FD5-E685110F924D}.Release|x64.ActiveCfg = Release|Any CPU
		{8D03B324-D571-4993-8FD5-E685110F924D}.Release|x64.Build.0 = Release|Any CPU
		{8D03B324-D571-4993-8FD5-E685110F924D}.Release|x86.ActiveCfg = Release|Any CPU
		{8D03B324-D571-4993-8FD5-E685110F924D}.Release|x86.Build.0 = Release|Any CPU
		{D31E2195-DD6F-4731-A354-A4F477A31CBC}.Debug|Any CPU.ActiveCfg = Debug|Any CPU
		{D31E2195-DD6F-4731-A354-A4F477A31CBC}.Debug|Any CPU.Build.0 = Debug|Any CPU
		{D31E2195-DD6F-4731-A354-A4F477A31CBC}.Debug|ARM.ActiveCfg = Debug|Any CPU
		{D31E2195-DD6F-4731-A354-A4F477A31CBC}.Debug|ARM.Build.0 = Debug|Any CPU
		{D31E2195-DD6F-4731-A354-A4F477A31CBC}.Debug|iPhone.ActiveCfg = Debug|Any CPU
		{D31E2195-DD6F-4731-A354-A4F477A31CBC}.Debug|iPhone.Build.0 = Debug|Any CPU
		{D31E2195-DD6F-4731-A354-A4F477A31CBC}.Debug|iPhoneSimulator.ActiveCfg = Debug|Any CPU
		{D31E2195-DD6F-4731-A354-A4F477A31CBC}.Debug|iPhoneSimulator.Build.0 = Debug|Any CPU
		{D31E2195-DD6F-4731-A354-A4F477A31CBC}.Debug|x64.ActiveCfg = Debug|Any CPU
		{D31E2195-DD6F-4731-A354-A4F477A31CBC}.Debug|x64.Build.0 = Debug|Any CPU
		{D31E2195-DD6F-4731-A354-A4F477A31CBC}.Debug|x86.ActiveCfg = Debug|Any CPU
		{D31E2195-DD6F-4731-A354-A4F477A31CBC}.Debug|x86.Build.0 = Debug|Any CPU
		{D31E2195-DD6F-4731-A354-A4F477A31CBC}.Release|Any CPU.ActiveCfg = Release|Any CPU
		{D31E2195-DD6F-4731-A354-A4F477A31CBC}.Release|Any CPU.Build.0 = Release|Any CPU
		{D31E2195-DD6F-4731-A354-A4F477A31CBC}.Release|ARM.ActiveCfg = Release|Any CPU
		{D31E2195-DD6F-4731-A354-A4F477A31CBC}.Release|ARM.Build.0 = Release|Any CPU
		{D31E2195-DD6F-4731-A354-A4F477A31CBC}.Release|iPhone.ActiveCfg = Release|Any CPU
		{D31E2195-DD6F-4731-A354-A4F477A31CBC}.Release|iPhone.Build.0 = Release|Any CPU
		{D31E2195-DD6F-4731-A354-A4F477A31CBC}.Release|iPhoneSimulator.ActiveCfg = Release|Any CPU
		{D31E2195-DD6F-4731-A354-A4F477A31CBC}.Release|iPhoneSimulator.Build.0 = Release|Any CPU
		{D31E2195-DD6F-4731-A354-A4F477A31CBC}.Release|x64.ActiveCfg = Release|Any CPU
		{D31E2195-DD6F-4731-A354-A4F477A31CBC}.Release|x64.Build.0 = Release|Any CPU
		{D31E2195-DD6F-4731-A354-A4F477A31CBC}.Release|x86.ActiveCfg = Release|Any CPU
		{D31E2195-DD6F-4731-A354-A4F477A31CBC}.Release|x86.Build.0 = Release|Any CPU
		{72A5CD31-3C71-489C-81F4-F49240BDCE00}.Debug|Any CPU.ActiveCfg = Debug|Any CPU
		{72A5CD31-3C71-489C-81F4-F49240BDCE00}.Debug|Any CPU.Build.0 = Debug|Any CPU
		{72A5CD31-3C71-489C-81F4-F49240BDCE00}.Debug|ARM.ActiveCfg = Debug|Any CPU
		{72A5CD31-3C71-489C-81F4-F49240BDCE00}.Debug|ARM.Build.0 = Debug|Any CPU
		{72A5CD31-3C71-489C-81F4-F49240BDCE00}.Debug|iPhone.ActiveCfg = Debug|Any CPU
		{72A5CD31-3C71-489C-81F4-F49240BDCE00}.Debug|iPhone.Build.0 = Debug|Any CPU
		{72A5CD31-3C71-489C-81F4-F49240BDCE00}.Debug|iPhoneSimulator.ActiveCfg = Debug|Any CPU
		{72A5CD31-3C71-489C-81F4-F49240BDCE00}.Debug|iPhoneSimulator.Build.0 = Debug|Any CPU
		{72A5CD31-3C71-489C-81F4-F49240BDCE00}.Debug|x64.ActiveCfg = Debug|Any CPU
		{72A5CD31-3C71-489C-81F4-F49240BDCE00}.Debug|x64.Build.0 = Debug|Any CPU
		{72A5CD31-3C71-489C-81F4-F49240BDCE00}.Debug|x86.ActiveCfg = Debug|Any CPU
		{72A5CD31-3C71-489C-81F4-F49240BDCE00}.Debug|x86.Build.0 = Debug|Any CPU
		{72A5CD31-3C71-489C-81F4-F49240BDCE00}.Release|Any CPU.ActiveCfg = Release|Any CPU
		{72A5CD31-3C71-489C-81F4-F49240BDCE00}.Release|Any CPU.Build.0 = Release|Any CPU
		{72A5CD31-3C71-489C-81F4-F49240BDCE00}.Release|ARM.ActiveCfg = Release|Any CPU
		{72A5CD31-3C71-489C-81F4-F49240BDCE00}.Release|ARM.Build.0 = Release|Any CPU
		{72A5CD31-3C71-489C-81F4-F49240BDCE00}.Release|iPhone.ActiveCfg = Release|Any CPU
		{72A5CD31-3C71-489C-81F4-F49240BDCE00}.Release|iPhone.Build.0 = Release|Any CPU
		{72A5CD31-3C71-489C-81F4-F49240BDCE00}.Release|iPhoneSimulator.ActiveCfg = Release|Any CPU
		{72A5CD31-3C71-489C-81F4-F49240BDCE00}.Release|iPhoneSimulator.Build.0 = Release|Any CPU
		{72A5CD31-3C71-489C-81F4-F49240BDCE00}.Release|x64.ActiveCfg = Release|Any CPU
		{72A5CD31-3C71-489C-81F4-F49240BDCE00}.Release|x64.Build.0 = Release|Any CPU
		{72A5CD31-3C71-489C-81F4-F49240BDCE00}.Release|x86.ActiveCfg = Release|Any CPU
		{72A5CD31-3C71-489C-81F4-F49240BDCE00}.Release|x86.Build.0 = Release|Any CPU
	EndGlobalSection
	GlobalSection(SolutionProperties) = preSolution
		HideSolutionNode = FALSE
	EndGlobalSection
	GlobalSection(ExtensibilityGlobals) = postSolution
		SolutionGuid = {8B572FBF-3469-46CD-9832-8F9599050C53}
	EndGlobalSection
EndGlobal
